{
  "version": 2,
  "dependencies": {
    "net10.0": {
      "Ardalis.Specification.EntityFrameworkCore": {
        "type": "Direct",
        "requested": "[9.3.1, )",
        "resolved": "9.3.1",
        "contentHash": "QbOo4E6HWdKXZ9QUrqcgiGN4EKtzt0kzGzqr2zc32q5QESzBrceJ3GX1ymWVdCCOzJO1+GPm+/a/5ovSkfrLoQ==",
        "dependencies": {
          "Ardalis.Specification": "9.3.1",
          "Microsoft.EntityFrameworkCore": "9.0.8",
          "Microsoft.EntityFrameworkCore.Relational": "9.0.8"
        }
      },
      "Microsoft.EntityFrameworkCore": {
        "type": "Direct",
        "requested": "[10.0.0-rc.2.25502.107, )",
        "resolved": "10.0.0-rc.2.25502.107",
        "contentHash": "Zx81hY7e1SBSTFV7u/UmDRSemfTN3jTj2mtdGrKealCMLCdR5qIarPx3OX8eXK6cr+QVoB0e+ygoIq2aMMrJAQ==",
        "dependencies": {
          "Microsoft.EntityFrameworkCore.Abstractions": "10.0.0-rc.2.25502.107",
          "Microsoft.EntityFrameworkCore.Analyzers": "10.0.0-rc.2.25502.107",
          "Microsoft.Extensions.Caching.Memory": "10.0.0-rc.2.25502.107",
          "Microsoft.Extensions.Logging": "10.0.0-rc.2.25502.107"
        }
      },
      "Microsoft.EntityFrameworkCore.Relational": {
        "type": "Direct",
        "requested": "[10.0.0-rc.2.25502.107, )",
        "resolved": "10.0.0-rc.2.25502.107",
        "contentHash": "s4zFt5n0xVCPdE4gR1QKi4tyr5VFHg/ZTEBrLu6n9epZrkDLmTj+q/enmxc9JyQ6y7cUUTPmG+qknBebTLGDUg==",
        "dependencies": {
          "Microsoft.EntityFrameworkCore": "10.0.0-rc.2.25502.107",
          "Microsoft.Extensions.Caching.Memory": "10.0.0-rc.2.25502.107",
          "Microsoft.Extensions.Configuration.Abstractions": "10.0.0-rc.2.25502.107",
          "Microsoft.Extensions.Logging": "10.0.0-rc.2.25502.107"
        }
      },
      "Riok.Mapperly": {
        "type": "Direct",
        "requested": "[4.2.1, )",
        "resolved": "4.2.1",
        "contentHash": "UZeQSieVlHr48t64J4k2s/lvbMeCXvzsXqV2A/0wyNdPpW8Cyn47+9mfWFJjouPxoSFfEhDbxg+WRbFIHvq4Zw=="
      },
      "Microsoft.EntityFrameworkCore.Abstractions": {
        "type": "Transitive",
        "resolved": "10.0.0-rc.2.25502.107",
        "contentHash": "TbkTMhQxPoHahVFb83i+3+ZnJJKnzp4qdhLblXl1VnLX7A695aUTY+sAY05Rn052PAXA61MpqY3DXmdRWGdYQQ=="
      },
      "Microsoft.EntityFrameworkCore.Analyzers": {
        "type": "Transitive",
        "resolved": "10.0.0-rc.2.25502.107",
        "contentHash": "wWHWVZXIq+4YtO8fd6qlwtyr0CN0vpHAW3PoabbncAvNUwJoPIZ1EDrdsb9n9e13a6X5b1rsv1YSaJez6KzL1A=="
      },
      "Microsoft.Extensions.Caching.Abstractions": {
        "type": "Transitive",
        "resolved": "10.0.0-rc.2.25502.107",
        "contentHash": "L2Gbh0jdeDY+WdmszIuw9QdZ4LsQPv3B2YNEqE5k/G0ZiuZPVRivYmy2JR4EdiUgp6vf1pD8MjrV5oSwTPtCzQ==",
        "dependencies": {
          "Microsoft.Extensions.Primitives": "10.0.0-rc.2.25502.107"
        }
      },
      "Microsoft.Extensions.Caching.Memory": {
        "type": "Transitive",
        "resolved": "10.0.0-rc.2.25502.107",
        "contentHash": "Dx8v9xVaQOjF1CCVT+dYsXjna12k8RTbSL3X7Pef6IUZ1hAt/6CnhBhVYP9UvIY8iornbKhAmlZ8c8Tq2L5Fww==",
        "dependencies": {
          "Microsoft.Extensions.Caching.Abstractions": "10.0.0-rc.2.25502.107",
          "Microsoft.Extensions.DependencyInjection.Abstractions": "10.0.0-rc.2.25502.107",
          "Microsoft.Extensions.Logging.Abstractions": "10.0.0-rc.2.25502.107",
          "Microsoft.Extensions.Options": "10.0.0-rc.2.25502.107",
          "Microsoft.Extensions.Primitives": "10.0.0-rc.2.25502.107"
        }
      },
      "Microsoft.Extensions.Configuration.Abstractions": {
        "type": "Transitive",
        "resolved": "10.0.0-rc.2.25502.107",
        "contentHash": "H+i/Qy30Rg/K9BcW2Z6DCHPCzwMH3bCwNOjEz31shWTUDK8GeeeMnrKVusprTcRA2Y6yPST+hg2zc3whPEs14Q==",
        "dependencies": {
          "Microsoft.Extensions.Primitives": "10.0.0-rc.2.25502.107"
        }
      },
      "Microsoft.Extensions.DependencyInjection": {
        "type": "Transitive",
        "resolved": "10.0.0-rc.2.25502.107",
        "contentHash": "mDw80K98jBWCyLFCra51PRv+Ttnjse1lZIzXEFybKby0/ajBFTEeHj/4r/QJexmb8Uun0yaFH1HlFtmHP1YEVA==",
        "dependencies": {
          "Microsoft.Extensions.DependencyInjection.Abstractions": "10.0.0-rc.2.25502.107"
        }
      },
      "Microsoft.Extensions.DependencyInjection.Abstractions": {
        "type": "Transitive",
        "resolved": "10.0.0-rc.2.25502.107",
        "contentHash": "8jujunpkNNfTkE9PFHp9/aD6GPKVfNCuz8tUbzOcyU5tQOCoIZId4hwQNVx3Tb8XEWw9BYdh0k5vPpqdCM+UtA=="
      },
      "Microsoft.Extensions.Logging": {
        "type": "Transitive",
        "resolved": "10.0.0-rc.2.25502.107",
        "contentHash": "q2C5gq86qkTmcYSJJSnw8sgTUyuqENYSOjk/NOYjHnYlKSrK3oI9Rjv1bWFpx2I3Btq9ZBEJb9aMM+IUQ0PvZA==",
        "dependencies": {
          "Microsoft.Extensions.DependencyInjection": "10.0.0-rc.2.25502.107",
          "Microsoft.Extensions.Logging.Abstractions": "10.0.0-rc.2.25502.107",
          "Microsoft.Extensions.Options": "10.0.0-rc.2.25502.107"
        }
      },
      "Microsoft.Extensions.Options": {
        "type": "Transitive",
        "resolved": "10.0.0-rc.2.25502.107",
        "contentHash": "Ib6BCCjisp7ZUdhtNpSulFO0ODhz/IE4ZZd8OCqQWoRs363BQ0QOZi9KwpqpiEWo51S0kIXWqNicDPGXwpt9pQ==",
        "dependencies": {
          "Microsoft.Extensions.DependencyInjection.Abstractions": "10.0.0-rc.2.25502.107",
          "Microsoft.Extensions.Primitives": "10.0.0-rc.2.25502.107"
        }
      },
      "Microsoft.Extensions.Primitives": {
        "type": "Transitive",
        "resolved": "10.0.0-rc.2.25502.107",
        "contentHash": "9pm2zqqn5u/OsKs2zgkhJEQQeMx9KkVOWPdHrs7Kt5sfpk+eIh/gmpi/mMH/ljS2T/PFsFdCEtm+GS/6l7zoZA=="
      },
      "moneygroup.core": {
        "type": "Project",
        "dependencies": {
          "Ardalis.Specification": "[9.3.1, )",
          "FluentValidation": "[12.0.0, )",
          "Microsoft.Extensions.Logging.Abstractions": "[10.0.0-rc.2.25502.107, )"
        }
      },
      "Ardalis.Specification": {
        "type": "CentralTransitive",
        "requested": "[9.3.1, )",
        "resolved": "9.3.1",
        "contentHash": "GWrE6BA0smWFLbN+XPU2l5rDF9Uzelfbb3w35jJ0CGIat+p1ChbtLcbkvYRMEculBHOAo12omwAAOm3VFWkoJQ=="
      },
      "FluentValidation": {
        "type": "CentralTransitive",
        "requested": "[12.0.0, )",
        "resolved": "12.0.0",
        "contentHash": "8NVLxtMUXynRHJIX3Hn1ACovaqZIJASufXIIFkD0EUbcd5PmMsL1xUD5h548gCezJ5BzlITaR9CAMrGe29aWpA=="
      },
      "Microsoft.Extensions.Logging.Abstractions": {
        "type": "CentralTransitive",
        "requested": "[10.0.0-rc.2.25502.107, )",
        "resolved": "10.0.0-rc.2.25502.107",
        "contentHash": "SKKKZjyCpBaDQ7yuFjdk6ELnRBRWeZsbnzUfo59Wc4PGhgf92chE3we/QlT6nk6NqlWcUgH/jogM+B/uq/Qdnw==",
        "dependencies": {
          "Microsoft.Extensions.DependencyInjection.Abstractions": "10.0.0-rc.2.25502.107"
        }
      }
    }
  }
}