
Microsoft Visual Studio Solution File, Format Version 12.00
# Visual Studio Version 17
VisualStudioVersion = 17.0.31903.59
MinimumVisualStudioVersion = 10.0.40219.1
Project("{2150E333-8FDC-42A3-9474-1A3956D46DE8}") = "Solution Items", "Solution Items", "{54A8A3A2-42E2-4BBB-AC88-F987A2DF2829}"
	ProjectSection(SolutionItems) = preProject
		.editorconfig = .editorconfig
		.runsettings = .runsettings
		Directory.Build.props = Directory.Build.props
		Directory.Packages.props = Directory.Packages.props
		.config\dotnet-tools.json = .config\dotnet-tools.json
		global.json = global.json
	EndProjectSection
EndProject
Project("{2150E333-8FDC-42A3-9474-1A3956D46DE8}") = "src", "src", "{7B9E362D-B973-45BD-B4FC-D7946634464E}"
EndProject
Project("{2150E333-8FDC-42A3-9474-1A3956D46DE8}") = "test", "test", "{3B9DF5DA-A093-4638-B04A-54BEFED607CC}"
EndProject
Project("{9A19103F-16F7-4668-BE54-9A1E7A4F7556}") = "MoneyGroup.Core", "src\Core\MoneyGroup.Core.csproj", "{CBFAD878-8DA1-4821-B70B-24BEC9E7DAAE}"
EndProject
Project("{9A19103F-16F7-4668-BE54-9A1E7A4F7556}") = "MoneyGroup.UnitTests", "test\UnitTests\MoneyGroup.UnitTests.csproj", "{516B9671-29C4-4EAC-8FEB-E664E2749BE5}"
EndProject
Project("{9A19103F-16F7-4668-BE54-9A1E7A4F7556}") = "MoneyGroup.Infrastucture", "src\Infrastucture\MoneyGroup.Infrastucture.csproj", "{AC05EAFC-C471-42CE-95E1-E74C81E14107}"
EndProject
Project("{9A19103F-16F7-4668-BE54-9A1E7A4F7556}") = "MoneyGroup.IntegrationTests", "test\IntegrationTests\MoneyGroup.IntegrationTests.csproj", "{FCA39533-663C-4990-BD94-306AB16B26F2}"
EndProject
Project("{9A19103F-16F7-4668-BE54-9A1E7A4F7556}") = "MoneyGroup.Infrastucture.PostgreSql", "src\Infrastucture.PostgreSql\MoneyGroup.Infrastucture.PostgreSql.csproj", "{6ECAE430-A1EC-4315-A46F-CC886FB81BD5}"
EndProject
Project("{9A19103F-16F7-4668-BE54-9A1E7A4F7556}") = "MoneyGroup.WebApi", "src\WebApi\MoneyGroup.WebApi.csproj", "{0F03932C-BC42-4AA8-9D51-092AC254EE28}"
EndProject
Project("{9A19103F-16F7-4668-BE54-9A1E7A4F7556}") = "MoneyGroup.FunctionalTests", "test\FunctionalTests\MoneyGroup.FunctionalTests.csproj", "{7BD6D644-4BF4-4006-AA33-4EC1FEAE7A48}"
EndProject
Project("{E53339B2-1760-4266-BCC7-CA923CBCF16C}") = "docker-compose", "docker-compose.dcproj", "{59324AF8-05BD-4FFD-A5A8-4924C1D8CDD2}"
EndProject
Global
	GlobalSection(SolutionConfigurationPlatforms) = preSolution
		Debug|Any CPU = Debug|Any CPU
		Release|Any CPU = Release|Any CPU
	EndGlobalSection
	GlobalSection(ProjectConfigurationPlatforms) = postSolution
		{CBFAD878-8DA1-4821-B70B-24BEC9E7DAAE}.Debug|Any CPU.ActiveCfg = Debug|Any CPU
		{CBFAD878-8DA1-4821-B70B-24BEC9E7DAAE}.Debug|Any CPU.Build.0 = Debug|Any CPU
		{CBFAD878-8DA1-4821-B70B-24BEC9E7DAAE}.Release|Any CPU.ActiveCfg = Release|Any CPU
		{CBFAD878-8DA1-4821-B70B-24BEC9E7DAAE}.Release|Any CPU.Build.0 = Release|Any CPU
		{516B9671-29C4-4EAC-8FEB-E664E2749BE5}.Debug|Any CPU.ActiveCfg = Debug|Any CPU
		{516B9671-29C4-4EAC-8FEB-E664E2749BE5}.Debug|Any CPU.Build.0 = Debug|Any CPU
		{516B9671-29C4-4EAC-8FEB-E664E2749BE5}.Release|Any CPU.ActiveCfg = Release|Any CPU
		{516B9671-29C4-4EAC-8FEB-E664E2749BE5}.Release|Any CPU.Build.0 = Release|Any CPU
		{AC05EAFC-C471-42CE-95E1-E74C81E14107}.Debug|Any CPU.ActiveCfg = Debug|Any CPU
		{AC05EAFC-C471-42CE-95E1-E74C81E14107}.Debug|Any CPU.Build.0 = Debug|Any CPU
		{AC05EAFC-C471-42CE-95E1-E74C81E14107}.Release|Any CPU.ActiveCfg = Release|Any CPU
		{AC05EAFC-C471-42CE-95E1-E74C81E14107}.Release|Any CPU.Build.0 = Release|Any CPU
		{FCA39533-663C-4990-BD94-306AB16B26F2}.Debug|Any CPU.ActiveCfg = Debug|Any CPU
		{FCA39533-663C-4990-BD94-306AB16B26F2}.Debug|Any CPU.Build.0 = Debug|Any CPU
		{FCA39533-663C-4990-BD94-306AB16B26F2}.Release|Any CPU.ActiveCfg = Release|Any CPU
		{FCA39533-663C-4990-BD94-306AB16B26F2}.Release|Any CPU.Build.0 = Release|Any CPU
		{6ECAE430-A1EC-4315-A46F-CC886FB81BD5}.Debug|Any CPU.ActiveCfg = Debug|Any CPU
		{6ECAE430-A1EC-4315-A46F-CC886FB81BD5}.Debug|Any CPU.Build.0 = Debug|Any CPU
		{6ECAE430-A1EC-4315-A46F-CC886FB81BD5}.Release|Any CPU.ActiveCfg = Release|Any CPU
		{6ECAE430-A1EC-4315-A46F-CC886FB81BD5}.Release|Any CPU.Build.0 = Release|Any CPU
		{0F03932C-BC42-4AA8-9D51-092AC254EE28}.Debug|Any CPU.ActiveCfg = Debug|Any CPU
		{0F03932C-BC42-4AA8-9D51-092AC254EE28}.Debug|Any CPU.Build.0 = Debug|Any CPU
		{0F03932C-BC42-4AA8-9D51-092AC254EE28}.Release|Any CPU.ActiveCfg = Release|Any CPU
		{0F03932C-BC42-4AA8-9D51-092AC254EE28}.Release|Any CPU.Build.0 = Release|Any CPU
		{7BD6D644-4BF4-4006-AA33-4EC1FEAE7A48}.Debug|Any CPU.ActiveCfg = Debug|Any CPU
		{7BD6D644-4BF4-4006-AA33-4EC1FEAE7A48}.Debug|Any CPU.Build.0 = Debug|Any CPU
		{7BD6D644-4BF4-4006-AA33-4EC1FEAE7A48}.Release|Any CPU.ActiveCfg = Release|Any CPU
		{7BD6D644-4BF4-4006-AA33-4EC1FEAE7A48}.Release|Any CPU.Build.0 = Release|Any CPU
		{59324AF8-05BD-4FFD-A5A8-4924C1D8CDD2}.Debug|Any CPU.ActiveCfg = Debug|Any CPU
		{59324AF8-05BD-4FFD-A5A8-4924C1D8CDD2}.Debug|Any CPU.Build.0 = Debug|Any CPU
		{59324AF8-05BD-4FFD-A5A8-4924C1D8CDD2}.Release|Any CPU.ActiveCfg = Release|Any CPU
		{59324AF8-05BD-4FFD-A5A8-4924C1D8CDD2}.Release|Any CPU.Build.0 = Release|Any CPU
	EndGlobalSection
	GlobalSection(SolutionProperties) = preSolution
		HideSolutionNode = FALSE
	EndGlobalSection
	GlobalSection(NestedProjects) = preSolution
		{CBFAD878-8DA1-4821-B70B-24BEC9E7DAAE} = {7B9E362D-B973-45BD-B4FC-D7946634464E}
		{516B9671-29C4-4EAC-8FEB-E664E2749BE5} = {3B9DF5DA-A093-4638-B04A-54BEFED607CC}
		{AC05EAFC-C471-42CE-95E1-E74C81E14107} = {7B9E362D-B973-45BD-B4FC-D7946634464E}
		{FCA39533-663C-4990-BD94-306AB16B26F2} = {3B9DF5DA-A093-4638-B04A-54BEFED607CC}
		{6ECAE430-A1EC-4315-A46F-CC886FB81BD5} = {7B9E362D-B973-45BD-B4FC-D7946634464E}
		{0F03932C-BC42-4AA8-9D51-092AC254EE28} = {7B9E362D-B973-45BD-B4FC-D7946634464E}
		{7BD6D644-4BF4-4006-AA33-4EC1FEAE7A48} = {3B9DF5DA-A093-4638-B04A-54BEFED607CC}
	EndGlobalSection
	GlobalSection(ExtensibilityGlobals) = postSolution
		SolutionGuid = {9D511F8F-6BB6-40AB-85A8-21F0B44DC038}
	EndGlobalSection
EndGlobal
