{
  "version": 2,
  "dependencies": {
    "net10.0": {
      "Duende.IdentityModel": {
        "type": "Direct",
        "requested": "[7.1.0, )",
        "resolved": "7.1.0",
        "contentHash": "Ihn2LiHZfiGD0Qu6aKngK5xtqOocZcS88khVG0Xv7uObfzilevAvXHDhAqpvWiZNIXPeCD6SA5Wy/rfP0U4brA=="
      },
      "Microsoft.AspNetCore.Mvc.Testing": {
        "type": "Direct",
        "requested": "[10.0.1, )",
        "resolved": "10.0.1",
        "contentHash": "84aSUoB++qrL9mlkAT1ybV9KQ5bv7sbpx2B5uo9se0ryYjNPIeiuknVy7r0FOwRk8T58PYybhIBa7WOkdMgOZQ==",
        "dependencies": {
          "Microsoft.AspNetCore.TestHost": "10.0.1",
          "Microsoft.Extensions.DependencyModel": "10.0.1",
          "Microsoft.Extensions.Hosting": "10.0.1"
        }
      },
      "Microsoft.Testing.Extensions.CodeCoverage": {
        "type": "Direct",
        "requested": "[18.3.1, )",
        "resolved": "18.3.1",
        "contentHash": "kjIVTE93IKEK6ZPZCD95Ahq9mWBmQBB0C1RJzO1eFQDx8bsKLsl6U3EdXjqkiMX/CSGQLC45un/lqtWIicgkwQ==",
        "dependencies": {
          "Microsoft.DiaSymReader": "2.0.0",
          "Microsoft.Extensions.DependencyModel": "6.0.2",
          "Microsoft.Testing.Platform": "2.0.2"
        }
      },
      "Moq": {
        "type": "Direct",
        "requested": "[4.20.72, )",
        "resolved": "4.20.72",
        "contentHash": "EA55cjyNn8eTNWrgrdZJH5QLFp2L43oxl1tlkoYUKIE9pRwL784OWiTXeCV5ApS+AMYEAlt7Fo03A2XfouvHmQ==",
        "dependencies": {
          "Castle.Core": "5.1.1"
        }
      },
      "xunit.v3.mtp-v2": {
        "type": "Direct",
        "requested": "[3.2.1, )",
        "resolved": "3.2.1",
        "contentHash": "QnT7C+eEUM7ut6w4/RNPpSxE1Q9epiCNWf8Krc/vqcc+sc3Ejtl8lbf4w5DzBYWLUlkEEUr1u9czG0Qj7QK6IQ==",
        "dependencies": {
          "xunit.analyzers": "1.26.0",
          "xunit.v3.assert": "[3.2.1]",
          "xunit.v3.core.mtp-v2": "[3.2.1]"
        }
      },
      "Azure.Core": {
        "type": "Transitive",
        "resolved": "1.47.1",
        "contentHash": "oPcncSsDHuxB8SC522z47xbp2+ttkcKv2YZ90KXhRKN0YQd2+7l1UURT9EBzUNEXtkLZUOAB5xbByMTrYRh3yA==",
        "dependencies": {
          "Microsoft.Bcl.AsyncInterfaces": "8.0.0",
          "System.ClientModel": "1.5.1",
          "System.Memory.Data": "8.0.1"
        }
      },
      "Azure.Identity": {
        "type": "Transitive",
        "resolved": "1.14.2",
        "contentHash": "YhNMwOTwT+I2wIcJKSdP0ADyB2aK+JaYWZxO8LSRDm5w77LFr0ykR9xmt2ZV5T1gaI7xU6iNFIh/yW1dAlpddQ==",
        "dependencies": {
          "Azure.Core": "1.46.1",
          "Microsoft.Identity.Client": "4.73.1",
          "Microsoft.Identity.Client.Extensions.Msal": "4.73.1"
        }
      },
      "Castle.Core": {
        "type": "Transitive",
        "resolved": "5.1.1",
        "contentHash": "rpYtIczkzGpf+EkZgDr9CClTdemhsrwA/W5hMoPjLkRFnXzH44zDLoovXeKtmxb1ykXK9aJVODSpiJml8CTw2g==",
        "dependencies": {
          "System.Diagnostics.EventLog": "6.0.0"
        }
      },
      "Microsoft.ApplicationInsights": {
        "type": "Transitive",
        "resolved": "2.23.0",
        "contentHash": "nWArUZTdU7iqZLycLKWe0TDms48KKGE6pONH2terYNa8REXiqixrMOkf1sk5DHGMaUTqONU2YkS4SAXBhLStgw=="
      },
      "Microsoft.AspNetCore.TestHost": {
        "type": "Transitive",
        "resolved": "10.0.1",
        "contentHash": "Vvos4CyBam5dCsH3eD1c9MQI4ESWwzNSJsToFz4i6NmfPsaySzNSiv0QYRmSAAIBXb8GXxPmuy42TkIrw2xCzQ=="
      },
      "Microsoft.Bcl.AsyncInterfaces": {
        "type": "Transitive",
        "resolved": "8.0.0",
        "contentHash": "3WA9q9yVqJp222P3x1wYIGDAkpjAku0TMUaaQV22g6L67AI0LdOIrVS7Ht2vJfLHGSPVuqN94vIr15qn+HEkHw=="
      },
      "Microsoft.Bcl.Cryptography": {
        "type": "Transitive",
        "resolved": "9.0.4",
        "contentHash": "YgZYAWzyNuPVtPq6WNm0bqOWNjYaWgl5mBWTGZyNoXitYBUYSp6iUB9AwK0V1mo793qRJUXz2t6UZrWITZSvuQ=="
      },
      "Microsoft.Data.SqlClient": {
        "type": "Transitive",
        "resolved": "6.1.1",
        "contentHash": "syGQmIUPAYYHAHyTD8FCkTNThpQWvoA7crnIQRMfp8dyB5A2cWU3fQexlRTFkVmV7S0TjVmthi0LJEFVjHo8AQ==",
        "dependencies": {
          "Azure.Core": "1.47.1",
          "Azure.Identity": "1.14.2",
          "Microsoft.Bcl.Cryptography": "9.0.4",
          "Microsoft.Data.SqlClient.SNI.runtime": "6.0.2",
          "Microsoft.Extensions.Caching.Memory": "9.0.4",
          "Microsoft.IdentityModel.JsonWebTokens": "7.7.1",
          "Microsoft.IdentityModel.Protocols.OpenIdConnect": "7.7.1",
          "Microsoft.SqlServer.Server": "1.0.0",
          "System.Configuration.ConfigurationManager": "9.0.4",
          "System.Security.Cryptography.Pkcs": "9.0.4"
        }
      },
      "Microsoft.Data.SqlClient.SNI.runtime": {
        "type": "Transitive",
        "resolved": "6.0.2",
        "contentHash": "f+pRODTWX7Y67jXO3T5S2dIPZ9qMJNySjlZT/TKmWVNWe19N8jcWmHaqHnnchaq3gxEKv1SWVY5EFzOD06l41w=="
      },
      "Microsoft.DiaSymReader": {
        "type": "Transitive",
        "resolved": "2.0.0",
        "contentHash": "QcZrCETsBJqy/vQpFtJc+jSXQ0K5sucQ6NUFbTNVHD4vfZZOwjZ/3sBzczkC4DityhD3AVO/+K/+9ioLs1AgRA=="
      },
      "Microsoft.EntityFrameworkCore.Abstractions": {
        "type": "Transitive",
        "resolved": "10.0.1",
        "contentHash": "sp6Uq8Oc3RVGtmxLS3ZgzVeFHrpLNymsMudoeqRmB9pRTWgvq2S903sF5OnaaZmh4Bz6kpq7FwofE+DOhKJYvg=="
      },
      "Microsoft.EntityFrameworkCore.Analyzers": {
        "type": "Transitive",
        "resolved": "10.0.1",
        "contentHash": "Ug2lxkiz1bpnxQF/xdswLl5EBA6sAG2ig5nMjmtpQZO0C88ZnvUkbpH2vQq+8ultIRmvp5Ec2jndLGRMPjW0Ew=="
      },
      "Microsoft.Extensions.AmbientMetadata.Application": {
        "type": "Transitive",
        "resolved": "10.1.0",
        "contentHash": "+T2Ax2fgw7T7nlhio+ZtgSyYGfevHCOXNPqO0vxA+f2HmbtfwAnIwHEE/jm1/4uFRDDP8PEENpxAhbucg+wUWg==",
        "dependencies": {
          "Microsoft.Extensions.Configuration": "10.0.1",
          "Microsoft.Extensions.Hosting.Abstractions": "10.0.1",
          "Microsoft.Extensions.Options.ConfigurationExtensions": "10.0.1"
        }
      },
      "Microsoft.Extensions.Caching.Abstractions": {
        "type": "Transitive",
        "resolved": "10.0.1",
        "contentHash": "Vb1vVAQDxHpXVdL9fpOX2BzeV7bbhzG4pAcIKRauRl0/VfkE8mq0f+fYC+gWICh3dlzTZInJ/cTeBS2MgU/XvQ==",
        "dependencies": {
          "Microsoft.Extensions.Primitives": "10.0.1"
        }
      },
      "Microsoft.Extensions.Caching.Memory": {
        "type": "Transitive",
        "resolved": "10.0.1",
        "contentHash": "NxqSP0Ky4dZ5ybszdZCqs1X2C70s+dXflqhYBUh/vhcQVTIooNCXIYnLVbafoAFGZMs51d9+rHxveXs0ZC3SQQ==",
        "dependencies": {
          "Microsoft.Extensions.Caching.Abstractions": "10.0.1",
          "Microsoft.Extensions.DependencyInjection.Abstractions": "10.0.1",
          "Microsoft.Extensions.Logging.Abstractions": "10.0.1",
          "Microsoft.Extensions.Options": "10.0.1",
          "Microsoft.Extensions.Primitives": "10.0.1"
        }
      },
      "Microsoft.Extensions.Compliance.Abstractions": {
        "type": "Transitive",
        "resolved": "10.1.0",
        "contentHash": "M3JWrgZMkVzyEybZzNkTiC/e8U1ipXTi8xm8bj+PHHp4AcEmhmIEqnxRS0VHVCKZjLkOPt2hY2CIisUFQ6gqLA==",
        "dependencies": {
          "Microsoft.Extensions.DependencyInjection.Abstractions": "10.0.1",
          "Microsoft.Extensions.ObjectPool": "10.0.1"
        }
      },
      "Microsoft.Extensions.Configuration": {
        "type": "Transitive",
        "resolved": "10.0.1",
        "contentHash": "njoRekyMIK+smav8B6KL2YgIfUtlsRNuT7wvurpLW+m/hoRKVnoELk2YxnUnWRGScCd1rukLMxShwLqEOKowDg==",
        "dependencies": {
          "Microsoft.Extensions.Configuration.Abstractions": "10.0.1",
          "Microsoft.Extensions.Primitives": "10.0.1"
        }
      },
      "Microsoft.Extensions.Configuration.Abstractions": {
        "type": "Transitive",
        "resolved": "10.0.1",
        "contentHash": "kPlU11hql+L9RjrN2N9/0GcRcRcZrNFlLLjadasFWeBORT6pL6OE+RYRk90GGCyVGSxTK+e1/f3dsMj5zpFFiQ==",
        "dependencies": {
          "Microsoft.Extensions.Primitives": "10.0.1"
        }
      },
      "Microsoft.Extensions.Configuration.Binder": {
        "type": "Transitive",
        "resolved": "10.0.1",
        "contentHash": "Lp4CZIuTVXtlvkAnTq6QvMSW7+H62gX2cU2vdFxHQUxvrWTpi7LwYI3X+YAyIS0r12/p7gaosco7efIxL4yFNw==",
        "dependencies": {
          "Microsoft.Extensions.Configuration": "10.0.1",
          "Microsoft.Extensions.Configuration.Abstractions": "10.0.1"
        }
      },
      "Microsoft.Extensions.Configuration.CommandLine": {
        "type": "Transitive",
        "resolved": "10.0.1",
        "contentHash": "s5cxcdtIig66YT3J+7iHflMuorznK8kXuwBBPHMp4KImx5ZGE3FRa1Nj9fI/xMwFV+KzUMjqZ2MhOedPH8LiBQ==",
        "dependencies": {
          "Microsoft.Extensions.Configuration": "10.0.1",
          "Microsoft.Extensions.Configuration.Abstractions": "10.0.1"
        }
      },
      "Microsoft.Extensions.Configuration.EnvironmentVariables": {
        "type": "Transitive",
        "resolved": "10.0.1",
        "contentHash": "csD8Eps3HQ3yc0x6NhgTV+aIFKSs3qVlVCtFnMHz/JOjnv7eEj/qSXKXiK9LzBzB1qSfAVqFnB5iaX2nUmagIQ==",
        "dependencies": {
          "Microsoft.Extensions.Configuration": "10.0.1",
          "Microsoft.Extensions.Configuration.Abstractions": "10.0.1"
        }
      },
      "Microsoft.Extensions.Configuration.FileExtensions": {
        "type": "Transitive",
        "resolved": "10.0.1",
        "contentHash": "N/6GiwiZFCBFZDk3vg1PhHW3zMqqu5WWpmeZAA9VTXv7Q8pr8NZR/EQsH0DjzqydDksJtY6EQBsu81d5okQOlA==",
        "dependencies": {
          "Microsoft.Extensions.Configuration": "10.0.1",
          "Microsoft.Extensions.Configuration.Abstractions": "10.0.1",
          "Microsoft.Extensions.FileProviders.Abstractions": "10.0.1",
          "Microsoft.Extensions.FileProviders.Physical": "10.0.1",
          "Microsoft.Extensions.Primitives": "10.0.1"
        }
      },
      "Microsoft.Extensions.Configuration.Json": {
        "type": "Transitive",
        "resolved": "10.0.1",
        "contentHash": "0zW3eYBJlRctmgqk5s0kFIi5o5y2g80mvGCD8bkYxREPQlKUnr0ndU/Sop+UDIhyWN0fIi4RW63vo7BKTi7ncA==",
        "dependencies": {
          "Microsoft.Extensions.Configuration": "10.0.1",
          "Microsoft.Extensions.Configuration.Abstractions": "10.0.1",
          "Microsoft.Extensions.Configuration.FileExtensions": "10.0.1",
          "Microsoft.Extensions.FileProviders.Abstractions": "10.0.1"
        }
      },
      "Microsoft.Extensions.Configuration.UserSecrets": {
        "type": "Transitive",
        "resolved": "10.0.1",
        "contentHash": "ULEJ0nkaW90JYJGkFujPcJtADXcJpXiSOLbokPcWJZ8iDbtDINifEYAUVqZVr81IDNTrRFul6O8RolOKOsgFPg==",
        "dependencies": {
          "Microsoft.Extensions.Configuration.Abstractions": "10.0.1",
          "Microsoft.Extensions.Configuration.Json": "10.0.1",
          "Microsoft.Extensions.FileProviders.Abstractions": "10.0.1",
          "Microsoft.Extensions.FileProviders.Physical": "10.0.1"
        }
      },
      "Microsoft.Extensions.DependencyInjection": {
        "type": "Transitive",
        "resolved": "10.0.1",
        "contentHash": "zerXV0GAR9LCSXoSIApbWn+Dq1/T+6vbXMHGduq1LoVQRHT0BXsGQEau0jeLUBUcsoF/NaUT8ADPu8b+eNcIyg==",
        "dependencies": {
          "Microsoft.Extensions.DependencyInjection.Abstractions": "10.0.1"
        }
      },
      "Microsoft.Extensions.DependencyInjection.Abstractions": {
        "type": "Transitive",
        "resolved": "10.0.1",
        "contentHash": "oIy8fQxxbUsSrrOvgBqlVgOeCtDmrcynnTG+FQufcUWBrwyPfwlUkCDB2vaiBeYPyT+20u9/HeuHeBf+H4F/8g=="
      },
      "Microsoft.Extensions.DependencyInjection.AutoActivation": {
        "type": "Transitive",
        "resolved": "10.1.0",
        "contentHash": "O052pqWkdVNXaj3n9E4x6nLL7sG860434gLh7XHhFp/KpyAY9/rCk9NJUinYfQnDkAA8UgCHimVZz+lTjnEwzQ==",
        "dependencies": {
          "Microsoft.Extensions.Hosting.Abstractions": "10.0.1"
        }
      },
      "Microsoft.Extensions.DependencyModel": {
        "type": "Transitive",
        "resolved": "10.0.1",
        "contentHash": "IiWPd4j8JLNjSkyXl5hvJwX2ZENDVQVPDHYgZmYdw8+YkY2xp9iQt0vjdnAQZLpo/ipeW1xgOqfSBEnivKWPYQ=="
      },
      "Microsoft.Extensions.Diagnostics": {
        "type": "Transitive",
        "resolved": "10.0.1",
        "contentHash": "YaocqxscJLxLit0F5yq2XyB+9C7rSRfeTL7MJIl7XwaOoUO3i0EqfO2kmtjiRduYWw7yjcSINEApYZbzjau2gQ==",
        "dependencies": {
          "Microsoft.Extensions.Configuration": "10.0.1",
          "Microsoft.Extensions.Diagnostics.Abstractions": "10.0.1",
          "Microsoft.Extensions.Options.ConfigurationExtensions": "10.0.1"
        }
      },
      "Microsoft.Extensions.Diagnostics.Abstractions": {
        "type": "Transitive",
        "resolved": "10.0.1",
        "contentHash": "QMoMrkNpnQym5mpfdxfxpRDuqLpsOuztguFvzH9p+Ex+do+uLFoi7UkAsBO4e9/tNR3eMFraFf2fOAi2cp3jjA==",
        "dependencies": {
          "Microsoft.Extensions.DependencyInjection.Abstractions": "10.0.1",
          "Microsoft.Extensions.Options": "10.0.1"
        }
      },
      "Microsoft.Extensions.Diagnostics.ExceptionSummarization": {
        "type": "Transitive",
        "resolved": "10.1.0",
        "contentHash": "Q76peCoP6vXXf95RLFeMGzcaQs8l3lk+n/ZOTi2i+OLd3R0HzzB0Fswjua4NY1viIbA1s6l1mqRjQbxY7+Jylw==",
        "dependencies": {
          "Microsoft.Extensions.DependencyInjection.Abstractions": "10.0.1"
        }
      },
      "Microsoft.Extensions.Diagnostics.HealthChecks": {
        "type": "Transitive",
        "resolved": "10.0.1",
        "contentHash": "LMQ1mW8YvfupNwoWXk+IOtjYTUllUIrETrWslKOsV66RvD96WaePcCcuF7SmB6fcTOuJFsSu/zILIUJGM+fM/Q==",
        "dependencies": {
          "Microsoft.Extensions.Diagnostics.HealthChecks.Abstractions": "10.0.1",
          "Microsoft.Extensions.Hosting.Abstractions": "10.0.1",
          "Microsoft.Extensions.Logging.Abstractions": "10.0.1",
          "Microsoft.Extensions.Options": "10.0.1"
        }
      },
      "Microsoft.Extensions.Diagnostics.HealthChecks.Abstractions": {
        "type": "Transitive",
        "resolved": "10.0.1",
        "contentHash": "cebN2lQD6S7XCQ7DFKnXcBHxSfqWr38H9YliEluJIDRTJ99Q9V6gBMXBYx03kh6YJAzfN3JoEcsikpEWnC6VwA=="
      },
      "Microsoft.Extensions.Features": {
        "type": "Transitive",
        "resolved": "10.0.1",
        "contentHash": "kxUFH96eZsr63CTKGDaUUaXks7JxUxt4xs91lXeqBQmtyIEjDll2detJlBDuZTZIdmJOFoSH+YmnGr/mImcvXA=="
      },
      "Microsoft.Extensions.FileProviders.Abstractions": {
        "type": "Transitive",
        "resolved": "10.0.1",
        "contentHash": "+b3DligYSZuoWltU5YdbMpIEUHNZPgPrzWfNiIuDkMdqOl93UxYB5KzS3lgpRfTXJhTNpo/CZ8w/sTkDTPDdxQ==",
        "dependencies": {
          "Microsoft.Extensions.Primitives": "10.0.1"
        }
      },
      "Microsoft.Extensions.FileProviders.Physical": {
        "type": "Transitive",
        "resolved": "10.0.1",
        "contentHash": "4bxzGXIzZnz0Bf7czQ72jGvpOqJsRW/44PS7YLFXTTnu6cNcPvmSREDvBoH0ZVP2hAbMfL4sUoCUn54k70jPWw==",
        "dependencies": {
          "Microsoft.Extensions.FileProviders.Abstractions": "10.0.1",
          "Microsoft.Extensions.FileSystemGlobbing": "10.0.1",
          "Microsoft.Extensions.Primitives": "10.0.1"
        }
      },
      "Microsoft.Extensions.FileSystemGlobbing": {
        "type": "Transitive",
        "resolved": "10.0.1",
        "contentHash": "49dFvGJjLSwGn76eHnP1gBvCJkL8HRYpCrG0DCvsP6wRpEQRLN2Fq8rTxbP+6jS7jmYKCnSVO5C65v4mT3rzeA=="
      },
      "Microsoft.Extensions.Hosting.Abstractions": {
        "type": "Transitive",
        "resolved": "10.0.1",
        "contentHash": "qmoQkVZcbm4/gFpted3W3Y+1kTATZTcUhV3mRkbtpfBXlxWCHwh/2oMffVcCruaGOfJuEnyAsGyaSUouSdECOw==",
        "dependencies": {
          "Microsoft.Extensions.Configuration.Abstractions": "10.0.1",
          "Microsoft.Extensions.DependencyInjection.Abstractions": "10.0.1",
          "Microsoft.Extensions.Diagnostics.Abstractions": "10.0.1",
          "Microsoft.Extensions.FileProviders.Abstractions": "10.0.1",
          "Microsoft.Extensions.Logging.Abstractions": "10.0.1"
        }
      },
      "Microsoft.Extensions.Http": {
        "type": "Transitive",
        "resolved": "10.0.1",
        "contentHash": "ZXJup9ReE1Ot3M8jqcw1b/lnc8USxyYS3cyLsssU39u04TES9JNGviWUGIvP3K7mMU3TF7kQl2aS0SmVwegflw==",
        "dependencies": {
          "Microsoft.Extensions.Configuration.Abstractions": "10.0.1",
          "Microsoft.Extensions.DependencyInjection.Abstractions": "10.0.1",
          "Microsoft.Extensions.Diagnostics": "10.0.1",
          "Microsoft.Extensions.Logging": "10.0.1",
          "Microsoft.Extensions.Logging.Abstractions": "10.0.1",
          "Microsoft.Extensions.Options": "10.0.1"
        }
      },
      "Microsoft.Extensions.Http.Diagnostics": {
        "type": "Transitive",
        "resolved": "10.1.0",
        "contentHash": "RA1Egggf5o7/5AI5TIxOmmV7T06X2jvA9nSlJazU++X/pgu48EDAjDflTq/+kAk0FHUm9ZpAiBVdWfOP2opAbQ==",
        "dependencies": {
          "Microsoft.Extensions.Http": "10.0.1",
          "Microsoft.Extensions.Telemetry": "10.1.0"
        }
      },
      "Microsoft.Extensions.Logging": {
        "type": "Transitive",
        "resolved": "10.0.1",
        "contentHash": "9ItMpMLFZFJFqCuHLLbR3LiA4ahA8dMtYuXpXl2YamSDWZhYS9BruPprkftY0tYi2bQ0slNrixdFm+4kpz1g5w==",
        "dependencies": {
          "Microsoft.Extensions.DependencyInjection": "10.0.1",
          "Microsoft.Extensions.Logging.Abstractions": "10.0.1",
          "Microsoft.Extensions.Options": "10.0.1"
        }
      },
      "Microsoft.Extensions.Logging.Configuration": {
        "type": "Transitive",
        "resolved": "10.0.1",
        "contentHash": "Zg8LLnfZs5o2RCHD/+9NfDtJ40swauemwCa7sI8gQoAye/UJHRZNpCtC7a5XE7l9Z7mdI8iMWnLZ6m7Q6S3jLg==",
        "dependencies": {
          "Microsoft.Extensions.Configuration": "10.0.1",
          "Microsoft.Extensions.Configuration.Abstractions": "10.0.1",
          "Microsoft.Extensions.Configuration.Binder": "10.0.1",
          "Microsoft.Extensions.DependencyInjection.Abstractions": "10.0.1",
          "Microsoft.Extensions.Logging": "10.0.1",
          "Microsoft.Extensions.Logging.Abstractions": "10.0.1",
          "Microsoft.Extensions.Options": "10.0.1",
          "Microsoft.Extensions.Options.ConfigurationExtensions": "10.0.1"
        }
      },
      "Microsoft.Extensions.Logging.Console": {
        "type": "Transitive",
        "resolved": "10.0.1",
        "contentHash": "38Q8sEHwQ/+wVO/mwQBa0fcdHbezFpusHE+vBw/dSr6Fq/kzZm3H/NQX511Jki/R3FHd64IY559gdlHZQtYeEA==",
        "dependencies": {
          "Microsoft.Extensions.DependencyInjection.Abstractions": "10.0.1",
          "Microsoft.Extensions.Logging": "10.0.1",
          "Microsoft.Extensions.Logging.Abstractions": "10.0.1",
          "Microsoft.Extensions.Logging.Configuration": "10.0.1",
          "Microsoft.Extensions.Options": "10.0.1"
        }
      },
      "Microsoft.Extensions.Logging.Debug": {
        "type": "Transitive",
        "resolved": "10.0.1",
        "contentHash": "VqfTvbX9C6BA0VeIlpzPlljnNsXxiI5CdUHb9ksWERH94WQ6ft3oLGUAa4xKcDGu4xF+rIZ8wj7IOAd6/q7vGw==",
        "dependencies": {
          "Microsoft.Extensions.DependencyInjection.Abstractions": "10.0.1",
          "Microsoft.Extensions.Logging": "10.0.1",
          "Microsoft.Extensions.Logging.Abstractions": "10.0.1"
        }
      },
      "Microsoft.Extensions.Logging.EventLog": {
        "type": "Transitive",
        "resolved": "10.0.1",
        "contentHash": "Zp9MM+jFCa7oktIug62V9eNygpkf+6kFVatF+UC/ODeUwIr5givYKy8fYSSI9sWdxqDqv63y1x0mm2VjOl8GOw==",
        "dependencies": {
          "Microsoft.Extensions.DependencyInjection.Abstractions": "10.0.1",
          "Microsoft.Extensions.Logging": "10.0.1",
          "Microsoft.Extensions.Logging.Abstractions": "10.0.1",
          "Microsoft.Extensions.Options": "10.0.1",
          "System.Diagnostics.EventLog": "10.0.1"
        }
      },
      "Microsoft.Extensions.Logging.EventSource": {
        "type": "Transitive",
        "resolved": "10.0.1",
        "contentHash": "WnFvZP+Y+lfeNFKPK/+mBpaCC7EeBDlobrQOqnP7rrw/+vE7yu8Rjczum1xbC0F/8cAHafog84DMp9200akMNQ==",
        "dependencies": {
          "Microsoft.Extensions.DependencyInjection.Abstractions": "10.0.1",
          "Microsoft.Extensions.Logging": "10.0.1",
          "Microsoft.Extensions.Logging.Abstractions": "10.0.1",
          "Microsoft.Extensions.Options": "10.0.1",
          "Microsoft.Extensions.Primitives": "10.0.1"
        }
      },
      "Microsoft.Extensions.ObjectPool": {
        "type": "Transitive",
        "resolved": "10.0.1",
        "contentHash": "HqAEbtoAhgvH53c54IV5e4vQ60PYvl7Z/WIHsbet+UGGE7n+7dwVNXw1mb9LZlWbsxnupCevvtgIne5P//ZKpQ=="
      },
      "Microsoft.Extensions.Options": {
        "type": "Transitive",
        "resolved": "10.0.1",
        "contentHash": "G6VVwywpJI4XIobetGHwg7wDOYC2L2XBYdtskxLaKF/Ynb5QBwLl7Q//wxAR2aVCLkMpoQrjSP9VoORkyddsNQ==",
        "dependencies": {
          "Microsoft.Extensions.DependencyInjection.Abstractions": "10.0.1",
          "Microsoft.Extensions.Primitives": "10.0.1"
        }
      },
      "Microsoft.Extensions.Options.ConfigurationExtensions": {
        "type": "Transitive",
        "resolved": "10.0.1",
        "contentHash": "pL78/Im7O3WmxHzlKUsWTYchKL881udU7E26gCD3T0+/tPhWVfjPwMzfN/MRKU7aoFYcOiqcG2k1QTlH5woWow==",
        "dependencies": {
          "Microsoft.Extensions.Configuration.Abstractions": "10.0.1",
          "Microsoft.Extensions.Configuration.Binder": "10.0.1",
          "Microsoft.Extensions.DependencyInjection.Abstractions": "10.0.1",
          "Microsoft.Extensions.Options": "10.0.1",
          "Microsoft.Extensions.Primitives": "10.0.1"
        }
      },
      "Microsoft.Extensions.Primitives": {
        "type": "Transitive",
        "resolved": "10.0.1",
        "contentHash": "DO8XrJkp5x4PddDuc/CH37yDBCs9BYN6ijlKyR3vMb55BP1Vwh90vOX8bNfnKxr5B2qEI3D8bvbY1fFbDveDHQ=="
      },
      "Microsoft.Extensions.Resilience": {
        "type": "Transitive",
        "resolved": "10.1.0",
        "contentHash": "NzA+c4m2q92qZPjiZLFm+ToeQC3KFqzP+Dr/1pV5y9d7H/hDM2Yxno0kcw5DGpSvS0s6Pwsp+FWMdk/kXBPZ7g==",
        "dependencies": {
          "Microsoft.Extensions.Diagnostics": "10.0.1",
          "Microsoft.Extensions.Diagnostics.ExceptionSummarization": "10.1.0",
          "Microsoft.Extensions.Options.ConfigurationExtensions": "10.0.1",
          "Microsoft.Extensions.Telemetry.Abstractions": "10.1.0",
          "Polly.Extensions": "8.4.2",
          "Polly.RateLimiting": "8.4.2"
        }
      },
      "Microsoft.Extensions.ServiceDiscovery.Abstractions": {
        "type": "Transitive",
        "resolved": "10.1.0",
        "contentHash": "uNPOkiRJx6J01aoHQBoX+QR6ZmQpIYdg/OO9+x/M3lkY6JTHBxp3pohcOyEe9l77MT8+3fVEP84/Uw+JODkA0Q==",
        "dependencies": {
          "Microsoft.Extensions.Configuration.Abstractions": "10.0.1",
          "Microsoft.Extensions.Configuration.Binder": "10.0.1",
          "Microsoft.Extensions.DependencyInjection.Abstractions": "10.0.1",
          "Microsoft.Extensions.Features": "10.0.1",
          "Microsoft.Extensions.Logging.Abstractions": "10.0.1",
          "Microsoft.Extensions.Options": "10.0.1",
          "Microsoft.Extensions.Primitives": "10.0.1"
        }
      },
      "Microsoft.Extensions.Telemetry": {
        "type": "Transitive",
        "resolved": "10.1.0",
        "contentHash": "OFnpwOBRZZXMMySvM7eJsEQ87ED5SaRbxHg/an1u89MWHw0mXUUbx5WPb5XFN0uS8kJPe6M+ZMRYwRP0nJeDPA==",
        "dependencies": {
          "Microsoft.Extensions.AmbientMetadata.Application": "10.1.0",
          "Microsoft.Extensions.DependencyInjection.AutoActivation": "10.1.0",
          "Microsoft.Extensions.Logging.Configuration": "10.0.1",
          "Microsoft.Extensions.ObjectPool": "10.0.1",
          "Microsoft.Extensions.Telemetry.Abstractions": "10.1.0"
        }
      },
      "Microsoft.Extensions.Telemetry.Abstractions": {
        "type": "Transitive",
        "resolved": "10.1.0",
        "contentHash": "0jAF2b0YJ1LOtunmo3PzSoJOx/ThhcGH5Y5kaV0jeM0BUlyr9orjg+fH5YabqnPSmwcN/DSTj0iZ7UwDISn5ag==",
        "dependencies": {
          "Microsoft.Extensions.Compliance.Abstractions": "10.1.0",
          "Microsoft.Extensions.Logging.Abstractions": "10.0.1",
          "Microsoft.Extensions.ObjectPool": "10.0.1",
          "Microsoft.Extensions.Options": "10.0.1"
        }
      },
      "Microsoft.Identity.Client": {
        "type": "Transitive",
        "resolved": "4.73.1",
        "contentHash": "NnDLS8QwYqO5ZZecL2oioi1LUqjh5Ewk4bMLzbgiXJbQmZhDLtKwLxL3DpGMlQAJ2G4KgEnvGPKa+OOgffeJbw==",
        "dependencies": {
          "Microsoft.IdentityModel.Abstractions": "6.35.0"
        }
      },
      "Microsoft.Identity.Client.Extensions.Msal": {
        "type": "Transitive",
        "resolved": "4.73.1",
        "contentHash": "xDztAiV2F0wI0W8FLKv5cbaBefyLD6JVaAsvgSN7bjWNCzGYzHbcOEIP5s4TJXUpQzMfUyBsFl1mC6Zmgpz0PQ==",
        "dependencies": {
          "Microsoft.Identity.Client": "4.73.1",
          "System.Security.Cryptography.ProtectedData": "4.5.0"
        }
      },
      "Microsoft.IdentityModel.Abstractions": {
        "type": "Transitive",
        "resolved": "8.0.1",
        "contentHash": "OtlIWcyX01olfdevPKZdIPfBEvbcioDyBiE/Z2lHsopsMD7twcKtlN9kMevHmI5IIPhFpfwCIiR6qHQz1WHUIw=="
      },
      "Microsoft.IdentityModel.JsonWebTokens": {
        "type": "Transitive",
        "resolved": "8.0.1",
        "contentHash": "s6++gF9x0rQApQzOBbSyp4jUaAlwm+DroKfL8gdOHxs83k8SJfUXhuc46rDB3rNXBQ1MVRxqKUrqFhO/M0E97g==",
        "dependencies": {
          "Microsoft.IdentityModel.Tokens": "8.0.1"
        }
      },
      "Microsoft.IdentityModel.Logging": {
        "type": "Transitive",
        "resolved": "8.0.1",
        "contentHash": "UCPF2exZqBXe7v/6sGNiM6zCQOUXXQ9+v5VTb9gPB8ZSUPnX53BxlN78v2jsbIvK9Dq4GovQxo23x8JgWvm/Qg==",
        "dependencies": {
          "Microsoft.IdentityModel.Abstractions": "8.0.1"
        }
      },
      "Microsoft.IdentityModel.Protocols": {
        "type": "Transitive",
        "resolved": "8.0.1",
        "contentHash": "uA2vpKqU3I2mBBEaeJAWPTjT9v1TZrGWKdgK6G5qJd03CLx83kdiqO9cmiK8/n1erkHzFBwU/RphP83aAe3i3g==",
        "dependencies": {
          "Microsoft.IdentityModel.Tokens": "8.0.1"
        }
      },
      "Microsoft.IdentityModel.Protocols.OpenIdConnect": {
        "type": "Transitive",
        "resolved": "8.0.1",
        "contentHash": "AQDbfpL+yzuuGhO/mQhKNsp44pm5Jv8/BI4KiFXR7beVGZoSH35zMV3PrmcfvSTsyI6qrcR898NzUauD6SRigg==",
        "dependencies": {
          "Microsoft.IdentityModel.Protocols": "8.0.1",
          "System.IdentityModel.Tokens.Jwt": "8.0.1"
        }
      },
      "Microsoft.IdentityModel.Tokens": {
        "type": "Transitive",
        "resolved": "8.0.1",
        "contentHash": "kDimB6Dkd3nkW2oZPDkMkVHfQt3IDqO5gL0oa8WVy3OP4uE8Ij+8TXnqg9TOd9ufjsY3IDiGz7pCUbnfL18tjg==",
        "dependencies": {
          "Microsoft.IdentityModel.Logging": "8.0.1"
        }
      },
      "Microsoft.OpenApi": {
        "type": "Transitive",
        "resolved": "2.0.0",
        "contentHash": "GGYLfzV/G/ct80OZ45JxnWP7NvMX1BCugn/lX7TH5o0lcVaviavsLMTxmFV2AybXWjbi3h6FF1vgZiTK6PXndw=="
      },
      "Microsoft.SqlServer.Server": {
        "type": "Transitive",
        "resolved": "1.0.0",
        "contentHash": "N4KeF3cpcm1PUHym1RmakkzfkEv3GRMyofVv40uXsQhCQeglr2OHNcUk2WOG51AKpGO8ynGpo9M/kFXSzghwug=="
      },
      "Microsoft.Testing.Extensions.Telemetry": {
        "type": "Transitive",
        "resolved": "2.0.2",
        "contentHash": "H580BvHyuADoWzlH9zRk5fqVyGucm6mhph+k40CQc9O4ie+Buxa4Pk9Q92BEClqIICqi25J7fuMII9qFYYgKtw==",
        "dependencies": {
          "Microsoft.ApplicationInsights": "2.23.0",
          "Microsoft.Testing.Platform": "2.0.2"
        }
      },
      "Microsoft.Testing.Extensions.TrxReport.Abstractions": {
        "type": "Transitive",
        "resolved": "2.0.2",
        "contentHash": "MrHYdPZ1CiyYp5bfjzNSghfVwl/I9osMazcZMAbwZY0BhR32i70YLf4zSXECvU2qt2PvDdrjYpGRgBscFbjDpw==",
        "dependencies": {
          "Microsoft.Testing.Platform": "2.0.2"
        }
      },
      "Microsoft.Testing.Platform": {
        "type": "Transitive",
        "resolved": "2.0.2",
        "contentHash": "43NCOTEENtdc9fmlzX9KHQR14AZEYek5r4jOJlWPhTyV1+aYAQYl4x773nYXU5TKxV6+rMuniJ7wcj9C9qrP1A=="
      },
      "Microsoft.Testing.Platform.MSBuild": {
        "type": "Transitive",
        "resolved": "2.0.2",
        "contentHash": "2zKkQKaUoaKgb/3AekboWOdLMh4upCo1nLWQnjGzp8r9YjiNOZRrzTsJQ3A4U03AcbH0evlIvFDKYSUqmTVuug==",
        "dependencies": {
          "Microsoft.Testing.Platform": "2.0.2"
        }
      },
      "Microsoft.Win32.Registry": {
        "type": "Transitive",
        "resolved": "5.0.0",
        "contentHash": "dDoKi0PnDz31yAyETfRntsLArTlVAVzUzCIvvEDsDsucrl33Dl8pIJG06ePTJTI3tGpeyHS9Cq7Foc/s4EeKcg=="
      },
      "OpenTelemetry": {
        "type": "Transitive",
        "resolved": "1.12.0",
        "contentHash": "aIEu2O3xFOdwIVH0AJsIHPIMH1YuX18nzu7BHyaDNQ6NWSk4Zyrs9Pp6y8SATuSbvdtmvue4mj/QZ3838srbwA==",
        "dependencies": {
          "Microsoft.Extensions.Diagnostics.Abstractions": "9.0.0",
          "Microsoft.Extensions.Logging.Configuration": "9.0.0",
          "OpenTelemetry.Api.ProviderBuilderExtensions": "1.12.0"
        }
      },
      "OpenTelemetry.Api": {
        "type": "Transitive",
        "resolved": "1.12.0",
        "contentHash": "Xt0qldi+iE2szGrM3jAqzEMEJd48YBtqI6mge0+ArXTZg3aTpRmyhL6CKKl3bLioaFSSVbBpEbPin8u6Z46Yrw=="
      },
      "OpenTelemetry.Api.ProviderBuilderExtensions": {
        "type": "Transitive",
        "resolved": "1.12.0",
        "contentHash": "t6Vk1143BfiisCWYbRcyzkAuN6Aq5RkYtfOSMoqCIRMvtN9p1e1xzc0nWQ+fccNGOVgHn3aMK5xFn2+iWMcr8A==",
        "dependencies": {
          "Microsoft.Extensions.DependencyInjection.Abstractions": "9.0.0",
          "OpenTelemetry.Api": "1.12.0"
        }
      },
      "Polly.Core": {
        "type": "Transitive",
        "resolved": "8.4.2",
        "contentHash": "BpE2I6HBYYA5tF0Vn4eoQOGYTYIK1BlF5EXVgkWGn3mqUUjbXAr13J6fZVbp7Q3epRR8yshacBMlsHMhpOiV3g=="
      },
      "Polly.Extensions": {
        "type": "Transitive",
        "resolved": "8.4.2",
        "contentHash": "GZ9vRVmR0jV2JtZavt+pGUsQ1O1cuRKG7R7VOZI6ZDy9y6RNPvRvXK1tuS4ffUrv8L0FTea59oEuQzgS0R7zSA==",
        "dependencies": {
          "Microsoft.Extensions.Logging.Abstractions": "8.0.0",
          "Microsoft.Extensions.Options": "8.0.0",
          "Polly.Core": "8.4.2"
        }
      },
      "Polly.RateLimiting": {
        "type": "Transitive",
        "resolved": "8.4.2",
        "contentHash": "ehTImQ/eUyO07VYW2WvwSmU9rRH200SKJ/3jku9rOkyWE0A2JxNFmAVms8dSn49QLSjmjFRRSgfNyOgr/2PSmA==",
        "dependencies": {
          "Polly.Core": "8.4.2",
          "System.Threading.RateLimiting": "8.0.0"
        }
      },
      "SharpGrip.FluentValidation.AutoValidation.Shared": {
        "type": "Transitive",
        "resolved": "1.5.0",
        "contentHash": "vTZhTWRrTk051yXEOmkU9jMbHuckcBTW7P/3o1SX7R7arJ+JhTNinVeECkLJRcliW6qMto5aYRI2GEOP+DR4Dg==",
        "dependencies": {
          "FluentValidation": "10.0.0"
        }
      },
      "System.ClientModel": {
        "type": "Transitive",
        "resolved": "1.5.1",
        "contentHash": "k2jKSO0X45IqhVOT9iQB4xralNN9foRQsRvXBTyRpAVxyzCJlG895T9qYrQWbcJ6OQXxOouJQ37x5nZH5XKK+A==",
        "dependencies": {
          "Microsoft.Extensions.Logging.Abstractions": "8.0.3",
          "System.Memory.Data": "8.0.1"
        }
      },
      "System.Configuration.ConfigurationManager": {
        "type": "Transitive",
        "resolved": "9.0.4",
        "contentHash": "dvjqKp+2LpGid6phzrdrS/2mmEPxFl3jE1+L7614q4ZChKbLJCpHXg6sBILlCCED1t//EE+un/UdAetzIMpqnw==",
        "dependencies": {
          "System.Diagnostics.EventLog": "9.0.4",
          "System.Security.Cryptography.ProtectedData": "9.0.4"
        }
      },
      "System.Diagnostics.EventLog": {
        "type": "Transitive",
        "resolved": "10.0.1",
        "contentHash": "xfaHEHVDkMOOZR5S6ZGezD0+vekdH1Nx/9Ih8/rOqOGSOk1fxiN3u94bYkBW/wigj0Uw2Wt3vvRj9mtYdgwEjw=="
      },
      "System.IdentityModel.Tokens.Jwt": {
        "type": "Transitive",
        "resolved": "8.0.1",
        "contentHash": "GJw3bYkWpOgvN3tJo5X4lYUeIFA2HD293FPUhKmp7qxS+g5ywAb34Dnd3cDAFLkcMohy5XTpoaZ4uAHuw0uSPQ==",
        "dependencies": {
          "Microsoft.IdentityModel.JsonWebTokens": "8.0.1",
          "Microsoft.IdentityModel.Tokens": "8.0.1"
        }
      },
      "System.Memory.Data": {
        "type": "Transitive",
        "resolved": "8.0.1",
        "contentHash": "BVYuec3jV23EMRDeR7Dr1/qhx7369dZzJ9IWy2xylvb4YfXsrUxspWc4UWYid/tj4zZK58uGZqn2WQiaDMhmAg=="
      },
      "System.Security.Cryptography.Pkcs": {
        "type": "Transitive",
        "resolved": "9.0.4",
        "contentHash": "cUFTcMlz/Qw9s90b2wnWSCvHdjv51Bau9FQqhsr4TlwSe1OX+7SoXUqphis5G74MLOvMOCghxPPlEqOdCrVVGA=="
      },
      "System.Security.Cryptography.ProtectedData": {
        "type": "Transitive",
        "resolved": "9.0.4",
        "contentHash": "o94k2RKuAce3GeDMlUvIXlhVa1kWpJw95E6C9LwW0KlG0nj5+SgCiIxJ2Eroqb9sLtG1mEMbFttZIBZ13EJPvQ=="
      },
      "System.Threading.RateLimiting": {
        "type": "Transitive",
        "resolved": "8.0.0",
        "contentHash": "7mu9v0QDv66ar3DpGSZHg9NuNcxDaaAcnMULuZlaTpP9+hwXhrxNGsF5GmLkSHxFdb5bBc1TzeujsRgTrPWi+Q=="
      },
      "xunit.analyzers": {
        "type": "Transitive",
        "resolved": "1.26.0",
        "contentHash": "YrWZOfuU1Scg4iGizAlMNALOxVS+HPSVilfscNDEJAyrTIVdF4c+8o+Aerw2RYnrJxafj/F56YkJOKCURUWQmA=="
      },
      "xunit.v3.assert": {
        "type": "Transitive",
        "resolved": "3.2.1",
        "contentHash": "7hGxs+sfgPCiHg7CbWL8Vsmg8WS4vBfipZ7rfE+FEyS7ksU4+0vcV08TQvLIXLPAfinT06zVoK83YjRcMXcXLw=="
      },
      "xunit.v3.common": {
        "type": "Transitive",
        "resolved": "3.2.1",
        "contentHash": "NUh3pPTC3Py4XTnjoCCCIEzvdKTQ9apu0ikDNCrUETBtfHHXcoUmIl5bOfJLQQu7awhu8eaZHjJnG7rx9lUZpg==",
        "dependencies": {
          "Microsoft.Bcl.AsyncInterfaces": "6.0.0"
        }
      },
      "xunit.v3.core.mtp-v2": {
        "type": "Transitive",
        "resolved": "3.2.1",
        "contentHash": "EX7lPHnlJQYGj092TE+I7bw/iT9eYA+JcqRg0+31tSPgQqBhmOSxTT7YIfU6zFHo4ak4F/TPz3GjmvweJT1zZw==",
        "dependencies": {
          "Microsoft.Testing.Extensions.Telemetry": "2.0.2",
          "Microsoft.Testing.Extensions.TrxReport.Abstractions": "2.0.2",
          "Microsoft.Testing.Platform": "2.0.2",
          "Microsoft.Testing.Platform.MSBuild": "2.0.2",
          "xunit.v3.extensibility.core": "[3.2.1]",
          "xunit.v3.runner.inproc.console": "[3.2.1]"
        }
      },
      "xunit.v3.extensibility.core": {
        "type": "Transitive",
        "resolved": "3.2.1",
        "contentHash": "soZuThF5CwB/ZZ2HY/ivdinyM/6MvmjsHTG0vNw3fRd1ZKcmLzfxVb3fB6R3G5yoaN4Bh+aWzFGjOvYO05OzkA==",
        "dependencies": {
          "xunit.v3.common": "[3.2.1]"
        }
      },
      "xunit.v3.runner.common": {
        "type": "Transitive",
        "resolved": "3.2.1",
        "contentHash": "oF0jwl0xH45/RWjDcaCPOeeI6HCoyiEXIT8yvByd37rhJorjL/Ri8S9A/Vql8DBPjCfQWd6Url5JRmeiQ55isA==",
        "dependencies": {
          "Microsoft.Win32.Registry": "[5.0.0]",
          "xunit.v3.common": "[3.2.1]"
        }
      },
      "xunit.v3.runner.inproc.console": {
        "type": "Transitive",
        "resolved": "3.2.1",
        "contentHash": "EC/VLj1E9BPWfmzdEMQEqouxh0rWAdX6SXuiiDRf0yXXsQo3E2PNLKCyJ9V8hmkGH/nBvM7pHLFbuCf00vCynw==",
        "dependencies": {
          "xunit.v3.extensibility.core": "[3.2.1]",
          "xunit.v3.runner.common": "[3.2.1]"
        }
      },
      "moneygroup.core": {
        "type": "Project",
        "dependencies": {
          "Ardalis.Specification": "[9.3.1, )",
          "FluentValidation": "[12.0.0, )",
          "Microsoft.Extensions.Logging.Abstractions": "[10.0.1, )"
        }
      },
      "moneygroup.infrastructure": {
        "type": "Project",
        "dependencies": {
          "Ardalis.Specification.EntityFrameworkCore": "[9.3.1, )",
          "Microsoft.EntityFrameworkCore": "[10.0.1, )",
          "Microsoft.EntityFrameworkCore.Relational": "[10.0.1, )",
          "MoneyGroup.Core": "[1.0.0, )"
        }
      },
      "moneygroup.infrastructure.sqlserver": {
        "type": "Project",
        "dependencies": {
          "Microsoft.EntityFrameworkCore.SqlServer": "[10.0.1, )",
          "MoneyGroup.Infrastructure": "[1.0.0, )"
        }
      },
      "moneygroup.servicedefaults": {
        "type": "Project",
        "dependencies": {
          "Microsoft.Extensions.Http.Resilience": "[10.1.0, )",
          "Microsoft.Extensions.ServiceDiscovery": "[10.1.0, )",
          "OpenTelemetry.Exporter.OpenTelemetryProtocol": "[1.12.0, )",
          "OpenTelemetry.Extensions.Hosting": "[1.12.0, )",
          "OpenTelemetry.Instrumentation.AspNetCore": "[1.12.0, )",
          "OpenTelemetry.Instrumentation.Http": "[1.12.0, )",
          "OpenTelemetry.Instrumentation.Runtime": "[1.12.0, )"
        }
      },
      "moneygroup.webapi": {
        "type": "Project",
        "dependencies": {
          "Microsoft.AspNetCore.Authentication.JwtBearer": "[10.0.1, )",
          "Microsoft.AspNetCore.OpenApi": "[10.0.1, )",
          "Microsoft.Extensions.Diagnostics.HealthChecks.EntityFrameworkCore": "[10.0.1, )",
          "Microsoft.VisualStudio.Azure.Containers.Tools.Targets": "[1.23.0, )",
          "MoneyGroup.Core": "[1.0.0, )",
          "MoneyGroup.Infrastructure": "[1.0.0, )",
          "MoneyGroup.Infrastructure.SqlServer": "[1.0.0, )",
          "MoneyGroup.ServiceDefaults": "[1.0.0, )",
          "SharpGrip.FluentValidation.AutoValidation.Endpoints": "[1.5.0, )",
          "Swashbuckle.AspNetCore.SwaggerUI": "[10.1.0, )"
        }
      },
      "Ardalis.Specification": {
        "type": "CentralTransitive",
        "requested": "[9.3.1, )",
        "resolved": "9.3.1",
        "contentHash": "GWrE6BA0smWFLbN+XPU2l5rDF9Uzelfbb3w35jJ0CGIat+p1ChbtLcbkvYRMEculBHOAo12omwAAOm3VFWkoJQ=="
      },
      "Ardalis.Specification.EntityFrameworkCore": {
        "type": "CentralTransitive",
        "requested": "[9.3.1, )",
        "resolved": "9.3.1",
        "contentHash": "QbOo4E6HWdKXZ9QUrqcgiGN4EKtzt0kzGzqr2zc32q5QESzBrceJ3GX1ymWVdCCOzJO1+GPm+/a/5ovSkfrLoQ==",
        "dependencies": {
          "Ardalis.Specification": "9.3.1",
          "Microsoft.EntityFrameworkCore": "9.0.8",
          "Microsoft.EntityFrameworkCore.Relational": "9.0.8"
        }
      },
      "FluentValidation": {
        "type": "CentralTransitive",
        "requested": "[12.0.0, )",
        "resolved": "12.0.0",
        "contentHash": "8NVLxtMUXynRHJIX3Hn1ACovaqZIJASufXIIFkD0EUbcd5PmMsL1xUD5h548gCezJ5BzlITaR9CAMrGe29aWpA=="
      },
      "Microsoft.AspNetCore.Authentication.JwtBearer": {
        "type": "CentralTransitive",
        "requested": "[10.0.1, )",
        "resolved": "10.0.1",
        "contentHash": "lvyUEBVv7V1/UvGxfOV3a0kyaQatPAU+ZHru7xha6WVOpa+7aJtKehbiu9VpAt/G50FR+hUwL4nTY33ijsCXwA==",
        "dependencies": {
          "Microsoft.IdentityModel.Protocols.OpenIdConnect": "8.0.1"
        }
      },
      "Microsoft.AspNetCore.OpenApi": {
        "type": "CentralTransitive",
        "requested": "[10.0.1, )",
        "resolved": "10.0.1",
        "contentHash": "gMY53EggRIFawhue66GanHcm1Tcd0+QzzMwnMl60LrEoJhGgzA9qAbLx6t/ON3hX4flc2NcEbTK1Z5GCLYHcwA==",
        "dependencies": {
          "Microsoft.OpenApi": "2.0.0"
        }
      },
      "Microsoft.EntityFrameworkCore": {
        "type": "CentralTransitive",
        "requested": "[10.0.1, )",
        "resolved": "10.0.1",
        "contentHash": "QsXvZ8G7Dl7x09rlq0b2dye7QqfReMq8yGdl7Mffi3Ip+aTa+JUMixBZ4lhCs9Ygjz2e9tiUACstxI+ADkwaFg==",
        "dependencies": {
          "Microsoft.EntityFrameworkCore.Abstractions": "10.0.1",
          "Microsoft.EntityFrameworkCore.Analyzers": "10.0.1",
          "Microsoft.Extensions.Caching.Memory": "10.0.1",
          "Microsoft.Extensions.Logging": "10.0.1"
        }
      },
      "Microsoft.EntityFrameworkCore.Relational": {
        "type": "CentralTransitive",
        "requested": "[10.0.1, )",
        "resolved": "10.0.1",
        "contentHash": "8/5kYGwKN6wtc89QqcPTOZDAJSMX8MzKCf5OmYjIfAHWTfsUEpGKYrdtfNk4X36rQ0BiU3n57Y4rbtnerzJN0Q==",
        "dependencies": {
          "Microsoft.EntityFrameworkCore": "10.0.1",
          "Microsoft.Extensions.Caching.Memory": "10.0.1",
          "Microsoft.Extensions.Configuration.Abstractions": "10.0.1",
          "Microsoft.Extensions.Logging": "10.0.1"
        }
      },
      "Microsoft.EntityFrameworkCore.SqlServer": {
        "type": "CentralTransitive",
        "requested": "[10.0.1, )",
        "resolved": "10.0.1",
        "contentHash": "Uz/M/Y2UPWJ+wJV8JGb7gp5H6Q8oE+/Fz/YZ5osBNDIxrlT+/I7AraVKxErSlz/nZq5JVy+jL1znnIcgI0G/Hw==",
        "dependencies": {
          "Microsoft.Data.SqlClient": "6.1.1",
          "Microsoft.EntityFrameworkCore.Relational": "10.0.1",
          "Microsoft.Extensions.Caching.Memory": "10.0.1",
          "Microsoft.Extensions.Configuration.Abstractions": "10.0.1",
          "Microsoft.Extensions.Logging": "10.0.1"
        }
      },
      "Microsoft.Extensions.Diagnostics.HealthChecks.EntityFrameworkCore": {
        "type": "CentralTransitive",
        "requested": "[10.0.1, )",
        "resolved": "10.0.1",
        "contentHash": "6GhBHo94O6RePBlIjiqLFBVJfUQZhZwoug0KOJajjwlpjjMENjhpqrPsSllXOqrtfFvCDYUO/eoCKRtcD5qfGA==",
        "dependencies": {
          "Microsoft.EntityFrameworkCore.Relational": "10.0.1",
          "Microsoft.Extensions.Diagnostics.HealthChecks": "10.0.1",
          "Microsoft.Extensions.Diagnostics.HealthChecks.Abstractions": "10.0.1"
        }
      },
      "Microsoft.Extensions.Hosting": {
        "type": "CentralTransitive",
        "requested": "[10.0.1, )",
        "resolved": "10.0.1",
        "contentHash": "0jjfjQSOFZlHhwOoIQw0WyzxtkDMYdnPY3iFrOLasxYq/5J4FDt1HWT8TktBclOVjFY1FOOkoOc99X7AhbqSIw==",
        "dependencies": {
          "Microsoft.Extensions.Configuration": "10.0.1",
          "Microsoft.Extensions.Configuration.Abstractions": "10.0.1",
          "Microsoft.Extensions.Configuration.Binder": "10.0.1",
          "Microsoft.Extensions.Configuration.CommandLine": "10.0.1",
          "Microsoft.Extensions.Configuration.EnvironmentVariables": "10.0.1",
          "Microsoft.Extensions.Configuration.FileExtensions": "10.0.1",
          "Microsoft.Extensions.Configuration.Json": "10.0.1",
          "Microsoft.Extensions.Configuration.UserSecrets": "10.0.1",
          "Microsoft.Extensions.DependencyInjection": "10.0.1",
          "Microsoft.Extensions.DependencyInjection.Abstractions": "10.0.1",
          "Microsoft.Extensions.Diagnostics": "10.0.1",
          "Microsoft.Extensions.FileProviders.Abstractions": "10.0.1",
          "Microsoft.Extensions.FileProviders.Physical": "10.0.1",
          "Microsoft.Extensions.Hosting.Abstractions": "10.0.1",
          "Microsoft.Extensions.Logging": "10.0.1",
          "Microsoft.Extensions.Logging.Abstractions": "10.0.1",
          "Microsoft.Extensions.Logging.Configuration": "10.0.1",
          "Microsoft.Extensions.Logging.Console": "10.0.1",
          "Microsoft.Extensions.Logging.Debug": "10.0.1",
          "Microsoft.Extensions.Logging.EventLog": "10.0.1",
          "Microsoft.Extensions.Logging.EventSource": "10.0.1",
          "Microsoft.Extensions.Options": "10.0.1"
        }
      },
      "Microsoft.Extensions.Http.Resilience": {
        "type": "CentralTransitive",
        "requested": "[10.1.0, )",
        "resolved": "10.1.0",
        "contentHash": "rwDoQBB93yQjd1XtcZBnOLRX23LW7Z49TIAp1sn7i2r/pW3y4iB8E+EEL0ZyOPuEZxT9xEVN9y39KWlG1FDPkQ==",
        "dependencies": {
          "Microsoft.Extensions.Http.Diagnostics": "10.1.0",
          "Microsoft.Extensions.ObjectPool": "10.0.1",
          "Microsoft.Extensions.Resilience": "10.1.0"
        }
      },
      "Microsoft.Extensions.Logging.Abstractions": {
        "type": "CentralTransitive",
        "requested": "[10.0.1, )",
        "resolved": "10.0.1",
        "contentHash": "YkmyiPIWAXVb+lPIrM0LE5bbtLOJkCiRTFiHpkVOvhI7uTvCfoOHLEN0LcsY56GpSD7NqX3gJNpsaDe87/B3zg==",
        "dependencies": {
          "Microsoft.Extensions.DependencyInjection.Abstractions": "10.0.1"
        }
      },
      "Microsoft.Extensions.ServiceDiscovery": {
        "type": "CentralTransitive",
        "requested": "[10.1.0, )",
        "resolved": "10.1.0",
        "contentHash": "b78YWSrwXQI/pSzKIe/TO1lC2FcBfrux6+AmgTRStKcJYHNU1r8ii1GICRNv37CobIcaW8w33LW+xmThqIG/bg==",
        "dependencies": {
          "Microsoft.Extensions.Http": "10.0.1",
          "Microsoft.Extensions.ServiceDiscovery.Abstractions": "10.1.0"
        }
      },
      "Microsoft.VisualStudio.Azure.Containers.Tools.Targets": {
        "type": "CentralTransitive",
        "requested": "[1.23.0, )",
        "resolved": "1.23.0",
        "contentHash": "2wDnb4umupJZ/1ikgWozFVpggH1mlHQFc0odXVv2ZagL3RYwXgW9zmC15fiqIBzmaC0vLZUnLGwDY+p8ZR7Syw=="
      },
      "OpenTelemetry.Exporter.OpenTelemetryProtocol": {
        "type": "CentralTransitive",
        "requested": "[1.12.0, )",
        "resolved": "1.12.0",
        "contentHash": "7LzQSPhz5pNaL4xZgT3wkZODA1NLrEq3bet8KDHgtaJ9q+VNP7wmiZky8gQfMkB4FXuI/pevT8ZurL4p5997WA==",
        "dependencies": {
          "OpenTelemetry": "1.12.0"
        }
      },
      "OpenTelemetry.Extensions.Hosting": {
        "type": "CentralTransitive",
        "requested": "[1.12.0, )",
        "resolved": "1.12.0",
        "contentHash": "6/8O6rsJRwslg5/Fm3bscBelw4Yh9T9CN24p7cAsuEFkrmmeSO9gkYUCK02Qi+CmPM2KHYTLjKi0lJaCsDMWQA==",
        "dependencies": {
          "Microsoft.Extensions.Hosting.Abstractions": "9.0.0",
          "OpenTelemetry": "1.12.0"
        }
      },
      "OpenTelemetry.Instrumentation.AspNetCore": {
        "type": "CentralTransitive",
        "requested": "[1.12.0, )",
        "resolved": "1.12.0",
        "contentHash": "r+Mzggd2P4N0Y34QIO6kakVPBOKFYSHnLkTrXXM+r37ABp+iaUvVUe+u/uxszsi5f7P5mrG0uYYaJ1QGHvzo3A==",
        "dependencies": {
          "OpenTelemetry.Api.ProviderBuilderExtensions": "[1.12.0, 2.0.0)"
        }
      },
      "OpenTelemetry.Instrumentation.Http": {
        "type": "CentralTransitive",
        "requested": "[1.12.0, )",
        "resolved": "1.12.0",
        "contentHash": "0rW+MbHgUQAdbvBtRxPYoQBosbNdWegL7cYkRlxq+KQ/VFyU8itt4pWTccmu1/FWmTgqJyT3LaujyDZoRrm8Yg==",
        "dependencies": {
          "Microsoft.Extensions.Configuration": "9.0.0",
          "Microsoft.Extensions.Options": "9.0.0",
          "OpenTelemetry.Api.ProviderBuilderExtensions": "[1.12.0, 2.0.0)"
        }
      },
      "OpenTelemetry.Instrumentation.Runtime": {
        "type": "CentralTransitive",
        "requested": "[1.12.0, )",
        "resolved": "1.12.0",
        "contentHash": "xmd0TAm2x+T3ztdf5BolIwLPh+Uy6osaBeIQtCXv611PN7h/Pnhsjg5lU2hkAWj7M7ns74U5wtVpS8DXmJ+94w==",
        "dependencies": {
          "OpenTelemetry.Api": "[1.12.0, 2.0.0)"
        }
      },
      "SharpGrip.FluentValidation.AutoValidation.Endpoints": {
        "type": "CentralTransitive",
        "requested": "[1.5.0, )",
        "resolved": "1.5.0",
        "contentHash": "yHzwvFI89/vA8kfFnRuR+CZIBhKWUCa/Qye9YpgB6lhQnV4WNKB5S1YblMdTq2Q/XYqiWlXVaO+Vr5t6GpmHKA==",
        "dependencies": {
          "SharpGrip.FluentValidation.AutoValidation.Shared": "1.5.0"
        }
      },
      "Swashbuckle.AspNetCore.SwaggerUI": {
        "type": "CentralTransitive",
        "requested": "[10.1.0, )",
        "resolved": "10.1.0",
        "contentHash": "ilUsTvGA9hO1ulR7ibdWMWSg3438Iu+pDFcEYUorp+/ClHwaHFdpp/ATfBsFXv2sIRVDbQlEwd5BWBOdMdtKCA=="
      }
    }
  }
}