{
  "version": 2,
  "dependencies": {
    "net9.0": {
      "moneygroup.infrastructure": {
        "type": "Project"
      },
      "moneygroup.infrastructure.postgresql": {
        "type": "Project"
      },
      "moneygroup.infrastructure.sqlserver": {
        "type": "Project"
      }
    }
  }
}